
Microsoft Visual Studio Solution File, Format Version 12.00
# Visual Studio Version 17
VisualStudioVersion = 17.0.31919.166
MinimumVisualStudioVersion = 10.0.40219.1
Project("{FAE04EC0-301F-11D3-BF4B-00C04F79EFBC}") = "PrimeiroTeste", "PrimeiroTeste.csproj", "{5224E39A-0D10-4FF8-A984-7B044D74E1CA}"
EndProject
Project("{FAE04EC0-301F-11D3-BF4B-00C04F79EFBC}") = "PrimeiroTesteTests", "..\PrimeiroTesteTests\PrimeiroTesteTests.csproj", "{1B25A677-0F73-4936-AE99-26DFE1D724D4}"
EndProject
Global
	GlobalSection(SolutionConfigurationPlatforms) = preSolution
		Debug|Any CPU = Debug|Any CPU
		Release|Any CPU = Release|Any CPU
	EndGlobalSection
	GlobalSection(ProjectConfigurationPlatforms) = postSolution
		{5224E39A-0D10-4FF8-A984-7B044D74E1CA}.Debug|Any CPU.ActiveCfg = Debug|Any CPU
		{5224E39A-0D10-4FF8-A984-7B044D74E1CA}.Debug|Any CPU.Build.0 = Debug|Any CPU
		{5224E39A-0D10-4FF8-A984-7B044D74E1CA}.Release|Any CPU.ActiveCfg = Release|Any CPU
		{5224E39A-0D10-4FF8-A984-7B044D74E1CA}.Release|Any CPU.Build.0 = Release|Any CPU
		{1B25A677-0F73-4936-AE99-26DFE1D724D4}.Debug|Any CPU.ActiveCfg = Debug|Any CPU
		{1B25A677-0F73-4936-AE99-26DFE1D724D4}.Debug|Any CPU.Build.0 = Debug|Any CPU
		{1B25A677-0F73-4936-AE99-26DFE1D724D4}.Release|Any CPU.ActiveCfg = Release|Any CPU
		{1B25A677-0F73-4936-AE99-26DFE1D724D4}.Release|Any CPU.Build.0 = Release|Any CPU
	EndGlobalSection
	GlobalSection(SolutionProperties) = preSolution
		HideSolutionNode = FALSE
	EndGlobalSection
	GlobalSection(ExtensibilityGlobals) = postSolution
		SolutionGuid = {E3207467-10FC-4608-B1EC-654AB8686831}
	EndGlobalSection
EndGlobal
